
Microsoft Visual Studio Solution File, Format Version 12.00
# Visual Studio Version 17
VisualStudioVersion = 17.13.35825.156 d17.13
MinimumVisualStudioVersion = 10.0.40219.1
Project("{FAE04EC0-301F-11D3-BF4B-00C04F79EFBC}") = "ShowCase", "ShowCase\ShowCase.csproj", "{C753156F-45F8-4B07-A7DD-3B9A0F0256E0}"
EndProject
Project("{FAE04EC0-301F-11D3-BF4B-00C04F79EFBC}") = "ClassLibrary", "ClassLibrary\ClassLibrary.csproj", "{8BF12477-A02E-40E0-B5EB-F3E8EED541ED}"
EndProject
Project("{FAE04EC0-301F-11D3-BF4B-00C04F79EFBC}") = "Razorpage", "Razorpage\Razorpage.csproj", "{F8BCED74-0E22-448C-B67F-CF2EBAA11BA6}"
EndProject
Global
	GlobalSection(SolutionConfigurationPlatforms) = preSolution
		Debug|Any CPU = Debug|Any CPU
		Release|Any CPU = Release|Any CPU
	EndGlobalSection
	GlobalSection(ProjectConfigurationPlatforms) = postSolution
		{C753156F-45F8-4B07-A7DD-3B9A0F0256E0}.Debug|Any CPU.ActiveCfg = Debug|Any CPU
		{C753156F-45F8-4B07-A7DD-3B9A0F0256E0}.Debug|Any CPU.Build.0 = Debug|Any CPU
		{C753156F-45F8-4B07-A7DD-3B9A0F0256E0}.Release|Any CPU.ActiveCfg = Release|Any CPU
		{C753156F-45F8-4B07-A7DD-3B9A0F0256E0}.Release|Any CPU.Build.0 = Release|Any CPU
		{8BF12477-A02E-40E0-B5EB-F3E8EED541ED}.Debug|Any CPU.ActiveCfg = Debug|Any CPU
		{8BF12477-A02E-40E0-B5EB-F3E8EED541ED}.Debug|Any CPU.Build.0 = Debug|Any CPU
		{8BF12477-A02E-40E0-B5EB-F3E8EED541ED}.Release|Any CPU.ActiveCfg = Release|Any CPU
		{8BF12477-A02E-40E0-B5EB-F3E8EED541ED}.Release|Any CPU.Build.0 = Release|Any CPU
		{F8BCED74-0E22-448C-B67F-CF2EBAA11BA6}.Debug|Any CPU.ActiveCfg = Debug|Any CPU
		{F8BCED74-0E22-448C-B67F-CF2EBAA11BA6}.Debug|Any CPU.Build.0 = Debug|Any CPU
		{F8BCED74-0E22-448C-B67F-CF2EBAA11BA6}.Release|Any CPU.ActiveCfg = Release|Any CPU
		{F8BCED74-0E22-448C-B67F-CF2EBAA11BA6}.Release|Any CPU.Build.0 = Release|Any CPU
	EndGlobalSection
	GlobalSection(SolutionProperties) = preSolution
		HideSolutionNode = FALSE
	EndGlobalSection
	GlobalSection(ExtensibilityGlobals) = postSolution
		SolutionGuid = {BF2E2E7F-7514-4519-A2CA-7E205E2B982B}
	EndGlobalSection
EndGlobal
